{
  "name": "node.js_hw4",
  "version": "1.0.0",
  "lockfileVersion": 3,
  "requires": true,
  "packages": {
    "": {
      "name": "node.js_hw4",
      "version": "1.0.0",
      "license": "ISC",
      "dependencies": {
        "generate-random-data": "^0.0.3"
      }
    },
    "node_modules/generate-random-data": {
      "version": "0.0.3",
      "resolved": "https://registry.npmjs.org/generate-random-data/-/generate-random-data-0.0.3.tgz",
      "integrity": "sha512-ZQuFk9X2tyvN+PGKCxYi4m7UJkPU3STqBruo4fNhWhIxWYCrUiVHCG+y3sU8KvNzKeDb0SA/J5Jzw9wQlBC3Wg==",
      "dependencies": {
        "moment": "^2.11.2"
      }
    },
    "node_modules/moment": {
      "version": "2.30.1",
      "resolved": "https://registry.npmjs.org/moment/-/moment-2.30.1.tgz",
      "integrity": "sha512-uEmtNhbDOrWPFS+hdjFCBfy9f2YoyzRpwcl+DqpC6taX21FzsTLQVbMV/W7PzNSX6x/bhC1zA3c2UQ5NzH6how==",
      "engines": {
        "node": "*"
      }
    }
  }
}
